
Microsoft Visual Studio Solution File, Format Version 12.00
# Visual Studio Version 16
VisualStudioVersion = 16.0.28803.452
MinimumVisualStudioVersion = 10.0.40219.1
Project("{FAE04EC0-301F-11D3-BF4B-00C04F79EFBC}") = "Asp.netCoreMVCCRUD", "Asp.netCoreMVCCRUD\Asp.netCoreMVCCRUD.csproj", "{C331DAF9-1168-41D3-803C-F06CBE91882D}"
EndProject
Global
	GlobalSection(SolutionConfigurationPlatforms) = preSolution
		Debug|Any CPU = Debug|Any CPU
		Release|Any CPU = Release|Any CPU
	EndGlobalSection
	GlobalSection(ProjectConfigurationPlatforms) = postSolution
		{C331DAF9-1168-41D3-803C-F06CBE91882D}.Debug|Any CPU.ActiveCfg = Debug|Any CPU
		{C331DAF9-1168-41D3-803C-F06CBE91882D}.Debug|Any CPU.Build.0 = Debug|Any CPU
		{C331DAF9-1168-41D3-803C-F06CBE91882D}.Release|Any CPU.ActiveCfg = Release|Any CPU
		{C331DAF9-1168-41D3-803C-F06CBE91882D}.Release|Any CPU.Build.0 = Release|Any CPU
	EndGlobalSection
	GlobalSection(SolutionProperties) = preSolution
		HideSolutionNode = FALSE
	EndGlobalSection
	GlobalSection(ExtensibilityGlobals) = postSolution
		SolutionGuid = {803AAF52-26B0-4867-AA1F-F06707B81F4C}
	EndGlobalSection
EndGlobal
